// !$*UTF8*$!
{
	archiveVersion = 1;
	classes = {
	};
	objectVersion = 46;
	objects = {

/* Begin PBXBuildFile section */
		2900E2BE1DEF47D600105299 /* Contacts Filled-20.png in Resources */ = {isa = PBXBuildFile; fileRef = 2900E2BD1DEF47D600105299 /* Contacts Filled-20.png */; };
		2900E2C01DEF487400105299 /* News Filled-20.png in Resources */ = {isa = PBXBuildFile; fileRef = 2900E2BF1DEF487400105299 /* News Filled-20.png */; };
		29037B6D1DEE22FB0095E136 /* Main.storyboard in Resources */ = {isa = PBXBuildFile; fileRef = 29037B6C1DEE22FB0095E136 /* Main.storyboard */; };
		2909D7511DED9D0100AE88CF /* main.m in Sources */ = {isa = PBXBuildFile; fileRef = 2909D7501DED9D0100AE88CF /* main.m */; };
		2909D7541DED9D0100AE88CF /* AppDelegate.m in Sources */ = {isa = PBXBuildFile; fileRef = 2909D7531DED9D0100AE88CF /* AppDelegate.m */; };
		2909D7571DED9D0100AE88CF /* ViewController.m in Sources */ = {isa = PBXBuildFile; fileRef = 2909D7561DED9D0100AE88CF /* ViewController.m */; };
		2909D75D1DED9D0100AE88CF /* Printum.xcdatamodeld in Sources */ = {isa = PBXBuildFile; fileRef = 2909D75B1DED9D0100AE88CF /* Printum.xcdatamodeld */; };
		2909D75F1DED9D0100AE88CF /* Assets.xcassets in Resources */ = {isa = PBXBuildFile; fileRef = 2909D75E1DED9D0100AE88CF /* Assets.xcassets */; };
		2909D7621DED9D0100AE88CF /* LaunchScreen.storyboard in Resources */ = {isa = PBXBuildFile; fileRef = 2909D7601DED9D0100AE88CF /* LaunchScreen.storyboard */; };
		2909D76D1DED9D0100AE88CF /* PrintumTests.m in Sources */ = {isa = PBXBuildFile; fileRef = 2909D76C1DED9D0100AE88CF /* PrintumTests.m */; };
		2909D7781DED9D0100AE88CF /* PrintumUITests.m in Sources */ = {isa = PBXBuildFile; fileRef = 2909D7771DED9D0100AE88CF /* PrintumUITests.m */; };
		2909D7861DED9E0F00AE88CF /* kotanprintum10.png in Resources */ = {isa = PBXBuildFile; fileRef = 2909D7851DED9E0F00AE88CF /* kotanprintum10.png */; };
		2909D7881DEDA12300AE88CF /* 2.jpg in Resources */ = {isa = PBXBuildFile; fileRef = 2909D7871DEDA12300AE88CF /* 2.jpg */; };
		2918729F1E03FDD200EF0BF3 /* image001.png in Resources */ = {isa = PBXBuildFile; fileRef = 2918729E1E03FDD200EF0BF3 /* image001.png */; };
		2918BB031E0330880013737A /* RegisViewController.m in Sources */ = {isa = PBXBuildFile; fileRef = 2918BB021E0330880013737A /* RegisViewController.m */; };
		2918BB061E0337E00013737A /* Users.m in Sources */ = {isa = PBXBuildFile; fileRef = 2918BB051E0337E00013737A /* Users.m */; };
		29566DE51E043F0F0080DCA2 /* Icon-App-20x20@1x.png in Resources */ = {isa = PBXBuildFile; fileRef = 29566DCF1E043F0F0080DCA2 /* Icon-App-20x20@1x.png */; };
		29566DE61E043F0F0080DCA2 /* Icon-App-20x20@2x.png in Resources */ = {isa = PBXBuildFile; fileRef = 29566DD01E043F0F0080DCA2 /* Icon-App-20x20@2x.png */; };
		29566DE71E043F0F0080DCA2 /* Icon-App-20x20@3x.png in Resources */ = {isa = PBXBuildFile; fileRef = 29566DD11E043F0F0080DCA2 /* Icon-App-20x20@3x.png */; };
		29566DE81E043F0F0080DCA2 /* Icon-App-29x29@1x.png in Resources */ = {isa = PBXBuildFile; fileRef = 29566DD21E043F0F0080DCA2 /* Icon-App-29x29@1x.png */; };
		29566DE91E043F0F0080DCA2 /* Icon-App-29x29@2x.png in Resources */ = {isa = PBXBuildFile; fileRef = 29566DD31E043F0F0080DCA2 /* Icon-App-29x29@2x.png */; };
		29566DEA1E043F0F0080DCA2 /* Icon-App-29x29@3x.png in Resources */ = {isa = PBXBuildFile; fileRef = 29566DD41E043F0F0080DCA2 /* Icon-App-29x29@3x.png */; };
		29566DEB1E043F0F0080DCA2 /* Icon-App-40x40@1x.png in Resources */ = {isa = PBXBuildFile; fileRef = 29566DD51E043F0F0080DCA2 /* Icon-App-40x40@1x.png */; };
		29566DEC1E043F0F0080DCA2 /* Icon-App-40x40@2x.png in Resources */ = {isa = PBXBuildFile; fileRef = 29566DD61E043F0F0080DCA2 /* Icon-App-40x40@2x.png */; };
		29566DED1E043F0F0080DCA2 /* Icon-App-40x40@3x.png in Resources */ = {isa = PBXBuildFile; fileRef = 29566DD71E043F0F0080DCA2 /* Icon-App-40x40@3x.png */; };
		29566DEE1E043F0F0080DCA2 /* Icon-App-57x57@1x.png in Resources */ = {isa = PBXBuildFile; fileRef = 29566DD81E043F0F0080DCA2 /* Icon-App-57x57@1x.png */; };
		29566DEF1E043F0F0080DCA2 /* Icon-App-57x57@2x.png in Resources */ = {isa = PBXBuildFile; fileRef = 29566DD91E043F0F0080DCA2 /* Icon-App-57x57@2x.png */; };
		29566DF01E043F0F0080DCA2 /* Icon-App-60x60@1x.png in Resources */ = {isa = PBXBuildFile; fileRef = 29566DDA1E043F0F0080DCA2 /* Icon-App-60x60@1x.png */; };
		29566DF11E043F0F0080DCA2 /* Icon-App-60x60@2x.png in Resources */ = {isa = PBXBuildFile; fileRef = 29566DDB1E043F0F0080DCA2 /* Icon-App-60x60@2x.png */; };
		29566DF21E043F0F0080DCA2 /* Icon-App-60x60@3x.png in Resources */ = {isa = PBXBuildFile; fileRef = 29566DDC1E043F0F0080DCA2 /* Icon-App-60x60@3x.png */; };
		29566DF31E043F0F0080DCA2 /* Icon-App-72x72@1x.png in Resources */ = {isa = PBXBuildFile; fileRef = 29566DDD1E043F0F0080DCA2 /* Icon-App-72x72@1x.png */; };
		29566DF41E043F0F0080DCA2 /* Icon-App-72x72@2x.png in Resources */ = {isa = PBXBuildFile; fileRef = 29566DDE1E043F0F0080DCA2 /* Icon-App-72x72@2x.png */; };
		29566DF51E043F0F0080DCA2 /* Icon-App-76x76@1x.png in Resources */ = {isa = PBXBuildFile; fileRef = 29566DDF1E043F0F0080DCA2 /* Icon-App-76x76@1x.png */; };
		29566DF61E043F0F0080DCA2 /* Icon-App-76x76@2x.png in Resources */ = {isa = PBXBuildFile; fileRef = 29566DE01E043F0F0080DCA2 /* Icon-App-76x76@2x.png */; };
		29566DF71E043F0F0080DCA2 /* Icon-App-76x76@3x.png in Resources */ = {isa = PBXBuildFile; fileRef = 29566DE11E043F0F0080DCA2 /* Icon-App-76x76@3x.png */; };
		29566DF81E043F0F0080DCA2 /* Icon-App-83.5x83.5@2x.png in Resources */ = {isa = PBXBuildFile; fileRef = 29566DE21E043F0F0080DCA2 /* Icon-App-83.5x83.5@2x.png */; };
		29566DF91E043F0F0080DCA2 /* Icon-Small-50x50@1x.png in Resources */ = {isa = PBXBuildFile; fileRef = 29566DE31E043F0F0080DCA2 /* Icon-Small-50x50@1x.png */; };
		29566DFA1E043F0F0080DCA2 /* Icon-Small-50x50@2x.png in Resources */ = {isa = PBXBuildFile; fileRef = 29566DE41E043F0F0080DCA2 /* Icon-Small-50x50@2x.png */; };
		2957ABCD1DEF1EB000B44554 /* RootViewController.m in Sources */ = {isa = PBXBuildFile; fileRef = 2957ABCC1DEF1EB000B44554 /* RootViewController.m */; };
		2957ABD01DEF1EE600B44554 /* LoginViewController.m in Sources */ = {isa = PBXBuildFile; fileRef = 2957ABCF1DEF1EE600B44554 /* LoginViewController.m */; };
		2957ABD31DEF1F4700B44554 /* ProfileViewController.m in Sources */ = {isa = PBXBuildFile; fileRef = 2957ABD21DEF1F4700B44554 /* ProfileViewController.m */; };
		2957ABD61DEF1F9400B44554 /* User.m in Sources */ = {isa = PBXBuildFile; fileRef = 2957ABD51DEF1F9400B44554 /* User.m */; };
		2966D8B81DF82F8400FA501C /* FindCertiViewController.m in Sources */ = {isa = PBXBuildFile; fileRef = 2966D8B71DF82F8400FA501C /* FindCertiViewController.m */; };
		2973BCCA1DF1D7F400E157F8 /* UserList+CoreDataProperties.m in Sources */ = {isa = PBXBuildFile; fileRef = 2973BCC71DF1D7F400E157F8 /* UserList+CoreDataProperties.m */; };
		2973BCCB1DF1D7F400E157F8 /* TrollToken+CoreDataProperties.m in Sources */ = {isa = PBXBuildFile; fileRef = 2973BCC91DF1D7F400E157F8 /* TrollToken+CoreDataProperties.m */; };
		2976B8381DEE183000119389 /* HseFinViewController.m in Sources */ = {isa = PBXBuildFile; fileRef = 2976B8371DEE183000119389 /* HseFinViewController.m */; };
		2976B83B1DEE184A00119389 /* ProhseViewController.m in Sources */ = {isa = PBXBuildFile; fileRef = 2976B83A1DEE184A00119389 /* ProhseViewController.m */; };
		297CFB271DF74E52003076B2 /* FichaFinViewController.m in Sources */ = {isa = PBXBuildFile; fileRef = 297CFB261DF74E52003076B2 /* FichaFinViewController.m */; };
		297CFB2A1DF75140003076B2 /* FichaViewController.m in Sources */ = {isa = PBXBuildFile; fileRef = 297CFB291DF75140003076B2 /* FichaViewController.m */; };
		297CFB2C1DF75761003076B2 /* add.png in Resources */ = {isa = PBXBuildFile; fileRef = 297CFB2B1DF75761003076B2 /* add.png */; };
		297CFB2F1DF757BC003076B2 /* EncuesViewController.m in Sources */ = {isa = PBXBuildFile; fileRef = 297CFB2E1DF757BC003076B2 /* EncuesViewController.m */; };
		297CFB321DF757E2003076B2 /* ContacViewController.m in Sources */ = {isa = PBXBuildFile; fileRef = 297CFB311DF757E2003076B2 /* ContacViewController.m */; };
		299444741E02D4DA00C500FD /* ViewControllerTab.m in Sources */ = {isa = PBXBuildFile; fileRef = 299444731E02D4DA00C500FD /* ViewControllerTab.m */; };
		29BAB89F1E041274006EE2F1 /* ResponseUsers.m in Sources */ = {isa = PBXBuildFile; fileRef = 29BAB89E1E041274006EE2F1 /* ResponseUsers.m */; };
		53171018A2749A3AAF271F47 /* libPods-Printum.a in Frameworks */ = {isa = PBXBuildFile; fileRef = 99E4F8A7C8437ECD389BE387 /* libPods-Printum.a */; };
		CBD5C54AD42ED21573CF7E70 /* libPods-PrintumTests.a in Frameworks */ = {isa = PBXBuildFile; fileRef = FDC5591C2DA144B851F201EB /* libPods-PrintumTests.a */; };
/* End PBXBuildFile section */

/* Begin PBXContainerItemProxy section */
		2909D7691DED9D0100AE88CF /* PBXContainerItemProxy */ = {
			isa = PBXContainerItemProxy;
			containerPortal = 2909D7441DED9D0000AE88CF /* Project object */;
			proxyType = 1;
			remoteGlobalIDString = 2909D74B1DED9D0000AE88CF;
			remoteInfo = Printum;
		};
		2909D7741DED9D0100AE88CF /* PBXContainerItemProxy */ = {
			isa = PBXContainerItemProxy;
			containerPortal = 2909D7441DED9D0000AE88CF /* Project object */;
			proxyType = 1;
			remoteGlobalIDString = 2909D74B1DED9D0000AE88CF;
			remoteInfo = Printum;
		};
/* End PBXContainerItemProxy section */

/* Begin PBXFileReference section */
		029AA8F09C1984BE93842D92 /* Pods-PrintumTests.debug.xcconfig */ = {isa = PBXFileReference; includeInIndex = 1; lastKnownFileType = text.xcconfig; name = "Pods-PrintumTests.debug.xcconfig"; path = "Pods/Target Support Files/Pods-PrintumTests/Pods-PrintumTests.debug.xcconfig"; sourceTree = "<group>"; };
		2900E2BD1DEF47D600105299 /* Contacts Filled-20.png */ = {isa = PBXFileReference; lastKnownFileType = image.png; path = "Contacts Filled-20.png"; sourceTree = "<group>"; };
		2900E2BF1DEF487400105299 /* News Filled-20.png */ = {isa = PBXFileReference; lastKnownFileType = image.png; path = "News Filled-20.png"; sourceTree = "<group>"; };
		29037B6C1DEE22FB0095E136 /* Main.storyboard */ = {isa = PBXFileReference; fileEncoding = 4; lastKnownFileType = file.storyboard; path = Main.storyboard; sourceTree = "<group>"; };
		2909D74C1DED9D0100AE88CF /* Printum.app */ = {isa = PBXFileReference; explicitFileType = wrapper.application; includeInIndex = 0; path = Printum.app; sourceTree = BUILT_PRODUCTS_DIR; };
		2909D7501DED9D0100AE88CF /* main.m */ = {isa = PBXFileReference; lastKnownFileType = sourcecode.c.objc; path = main.m; sourceTree = "<group>"; };
		2909D7521DED9D0100AE88CF /* AppDelegate.h */ = {isa = PBXFileReference; lastKnownFileType = sourcecode.c.h; path = AppDelegate.h; sourceTree = "<group>"; };
		2909D7531DED9D0100AE88CF /* AppDelegate.m */ = {isa = PBXFileReference; lastKnownFileType = sourcecode.c.objc; path = AppDelegate.m; sourceTree = "<group>"; };
		2909D7551DED9D0100AE88CF /* ViewController.h */ = {isa = PBXFileReference; lastKnownFileType = sourcecode.c.h; path = ViewController.h; sourceTree = "<group>"; };
		2909D7561DED9D0100AE88CF /* ViewController.m */ = {isa = PBXFileReference; lastKnownFileType = sourcecode.c.objc; path = ViewController.m; sourceTree = "<group>"; };
		2909D75C1DED9D0100AE88CF /* Printum.xcdatamodel */ = {isa = PBXFileReference; lastKnownFileType = wrapper.xcdatamodel; path = Printum.xcdatamodel; sourceTree = "<group>"; };
		2909D75E1DED9D0100AE88CF /* Assets.xcassets */ = {isa = PBXFileReference; lastKnownFileType = folder.assetcatalog; path = Assets.xcassets; sourceTree = "<group>"; };
		2909D7611DED9D0100AE88CF /* Base */ = {isa = PBXFileReference; lastKnownFileType = file.storyboard; name = Base; path = Base.lproj/LaunchScreen.storyboard; sourceTree = "<group>"; };
		2909D7631DED9D0100AE88CF /* Info.plist */ = {isa = PBXFileReference; lastKnownFileType = text.plist.xml; path = Info.plist; sourceTree = "<group>"; };
		2909D7681DED9D0100AE88CF /* PrintumTests.xctest */ = {isa = PBXFileReference; explicitFileType = wrapper.cfbundle; includeInIndex = 0; path = PrintumTests.xctest; sourceTree = BUILT_PRODUCTS_DIR; };
		2909D76C1DED9D0100AE88CF /* PrintumTests.m */ = {isa = PBXFileReference; lastKnownFileType = sourcecode.c.objc; path = PrintumTests.m; sourceTree = "<group>"; };
		2909D76E1DED9D0100AE88CF /* Info.plist */ = {isa = PBXFileReference; lastKnownFileType = text.plist.xml; path = Info.plist; sourceTree = "<group>"; };
		2909D7731DED9D0100AE88CF /* PrintumUITests.xctest */ = {isa = PBXFileReference; explicitFileType = wrapper.cfbundle; includeInIndex = 0; path = PrintumUITests.xctest; sourceTree = BUILT_PRODUCTS_DIR; };
		2909D7771DED9D0100AE88CF /* PrintumUITests.m */ = {isa = PBXFileReference; lastKnownFileType = sourcecode.c.objc; path = PrintumUITests.m; sourceTree = "<group>"; };
		2909D7791DED9D0100AE88CF /* Info.plist */ = {isa = PBXFileReference; lastKnownFileType = text.plist.xml; path = Info.plist; sourceTree = "<group>"; };
		2909D7851DED9E0F00AE88CF /* kotanprintum10.png */ = {isa = PBXFileReference; lastKnownFileType = image.png; path = kotanprintum10.png; sourceTree = "<group>"; };
		2909D7871DEDA12300AE88CF /* 2.jpg */ = {isa = PBXFileReference; lastKnownFileType = image.jpeg; path = 2.jpg; sourceTree = "<group>"; };
		2918729E1E03FDD200EF0BF3 /* image001.png */ = {isa = PBXFileReference; lastKnownFileType = image.png; path = image001.png; sourceTree = "<group>"; };
		2918BB011E0330880013737A /* RegisViewController.h */ = {isa = PBXFileReference; fileEncoding = 4; lastKnownFileType = sourcecode.c.h; path = RegisViewController.h; sourceTree = "<group>"; };
		2918BB021E0330880013737A /* RegisViewController.m */ = {isa = PBXFileReference; fileEncoding = 4; lastKnownFileType = sourcecode.c.objc; path = RegisViewController.m; sourceTree = "<group>"; };
		2918BB041E0337E00013737A /* Users.h */ = {isa = PBXFileReference; fileEncoding = 4; lastKnownFileType = sourcecode.c.h; path = Users.h; sourceTree = "<group>"; };
		2918BB051E0337E00013737A /* Users.m */ = {isa = PBXFileReference; fileEncoding = 4; lastKnownFileType = sourcecode.c.objc; path = Users.m; sourceTree = "<group>"; };
		29566DCF1E043F0F0080DCA2 /* Icon-App-20x20@1x.png */ = {isa = PBXFileReference; lastKnownFileType = image.png; path = "Icon-App-20x20@1x.png"; sourceTree = "<group>"; };
		29566DD01E043F0F0080DCA2 /* Icon-App-20x20@2x.png */ = {isa = PBXFileReference; lastKnownFileType = image.png; path = "Icon-App-20x20@2x.png"; sourceTree = "<group>"; };
		29566DD11E043F0F0080DCA2 /* Icon-App-20x20@3x.png */ = {isa = PBXFileReference; lastKnownFileType = image.png; path = "Icon-App-20x20@3x.png"; sourceTree = "<group>"; };
		29566DD21E043F0F0080DCA2 /* Icon-App-29x29@1x.png */ = {isa = PBXFileReference; lastKnownFileType = image.png; path = "Icon-App-29x29@1x.png"; sourceTree = "<group>"; };
		29566DD31E043F0F0080DCA2 /* Icon-App-29x29@2x.png */ = {isa = PBXFileReference; lastKnownFileType = image.png; path = "Icon-App-29x29@2x.png"; sourceTree = "<group>"; };
		29566DD41E043F0F0080DCA2 /* Icon-App-29x29@3x.png */ = {isa = PBXFileReference; lastKnownFileType = image.png; path = "Icon-App-29x29@3x.png"; sourceTree = "<group>"; };
		29566DD51E043F0F0080DCA2 /* Icon-App-40x40@1x.png */ = {isa = PBXFileReference; lastKnownFileType = image.png; path = "Icon-App-40x40@1x.png"; sourceTree = "<group>"; };
		29566DD61E043F0F0080DCA2 /* Icon-App-40x40@2x.png */ = {isa = PBXFileReference; lastKnownFileType = image.png; path = "Icon-App-40x40@2x.png"; sourceTree = "<group>"; };
		29566DD71E043F0F0080DCA2 /* Icon-App-40x40@3x.png */ = {isa = PBXFileReference; lastKnownFileType = image.png; path = "Icon-App-40x40@3x.png"; sourceTree = "<group>"; };
		29566DD81E043F0F0080DCA2 /* Icon-App-57x57@1x.png */ = {isa = PBXFileReference; lastKnownFileType = image.png; path = "Icon-App-57x57@1x.png"; sourceTree = "<group>"; };
		29566DD91E043F0F0080DCA2 /* Icon-App-57x57@2x.png */ = {isa = PBXFileReference; lastKnownFileType = image.png; path = "Icon-App-57x57@2x.png"; sourceTree = "<group>"; };
		29566DDA1E043F0F0080DCA2 /* Icon-App-60x60@1x.png */ = {isa = PBXFileReference; lastKnownFileType = image.png; path = "Icon-App-60x60@1x.png"; sourceTree = "<group>"; };
		29566DDB1E043F0F0080DCA2 /* Icon-App-60x60@2x.png */ = {isa = PBXFileReference; lastKnownFileType = image.png; path = "Icon-App-60x60@2x.png"; sourceTree = "<group>"; };
		29566DDC1E043F0F0080DCA2 /* Icon-App-60x60@3x.png */ = {isa = PBXFileReference; lastKnownFileType = image.png; path = "Icon-App-60x60@3x.png"; sourceTree = "<group>"; };
		29566DDD1E043F0F0080DCA2 /* Icon-App-72x72@1x.png */ = {isa = PBXFileReference; lastKnownFileType = image.png; path = "Icon-App-72x72@1x.png"; sourceTree = "<group>"; };
		29566DDE1E043F0F0080DCA2 /* Icon-App-72x72@2x.png */ = {isa = PBXFileReference; lastKnownFileType = image.png; path = "Icon-App-72x72@2x.png"; sourceTree = "<group>"; };
		29566DDF1E043F0F0080DCA2 /* Icon-App-76x76@1x.png */ = {isa = PBXFileReference; lastKnownFileType = image.png; path = "Icon-App-76x76@1x.png"; sourceTree = "<group>"; };
		29566DE01E043F0F0080DCA2 /* Icon-App-76x76@2x.png */ = {isa = PBXFileReference; lastKnownFileType = image.png; path = "Icon-App-76x76@2x.png"; sourceTree = "<group>"; };
		29566DE11E043F0F0080DCA2 /* Icon-App-76x76@3x.png */ = {isa = PBXFileReference; lastKnownFileType = image.png; path = "Icon-App-76x76@3x.png"; sourceTree = "<group>"; };
		29566DE21E043F0F0080DCA2 /* Icon-App-83.5x83.5@2x.png */ = {isa = PBXFileReference; lastKnownFileType = image.png; path = "Icon-App-83.5x83.5@2x.png"; sourceTree = "<group>"; };
		29566DE31E043F0F0080DCA2 /* Icon-Small-50x50@1x.png */ = {isa = PBXFileReference; lastKnownFileType = image.png; path = "Icon-Small-50x50@1x.png"; sourceTree = "<group>"; };
		29566DE41E043F0F0080DCA2 /* Icon-Small-50x50@2x.png */ = {isa = PBXFileReference; lastKnownFileType = image.png; path = "Icon-Small-50x50@2x.png"; sourceTree = "<group>"; };
		2957ABCB1DEF1EB000B44554 /* RootViewController.h */ = {isa = PBXFileReference; fileEncoding = 4; lastKnownFileType = sourcecode.c.h; path = RootViewController.h; sourceTree = "<group>"; };
		2957ABCC1DEF1EB000B44554 /* RootViewController.m */ = {isa = PBXFileReference; fileEncoding = 4; lastKnownFileType = sourcecode.c.objc; path = RootViewController.m; sourceTree = "<group>"; };
		2957ABCE1DEF1EE600B44554 /* LoginViewController.h */ = {isa = PBXFileReference; fileEncoding = 4; lastKnownFileType = sourcecode.c.h; path = LoginViewController.h; sourceTree = "<group>"; };
		2957ABCF1DEF1EE600B44554 /* LoginViewController.m */ = {isa = PBXFileReference; fileEncoding = 4; lastKnownFileType = sourcecode.c.objc; path = LoginViewController.m; sourceTree = "<group>"; };
		2957ABD11DEF1F4700B44554 /* ProfileViewController.h */ = {isa = PBXFileReference; fileEncoding = 4; lastKnownFileType = sourcecode.c.h; path = ProfileViewController.h; sourceTree = "<group>"; };
		2957ABD21DEF1F4700B44554 /* ProfileViewController.m */ = {isa = PBXFileReference; fileEncoding = 4; lastKnownFileType = sourcecode.c.objc; path = ProfileViewController.m; sourceTree = "<group>"; };
		2957ABD41DEF1F9400B44554 /* User.h */ = {isa = PBXFileReference; fileEncoding = 4; lastKnownFileType = sourcecode.c.h; name = User.h; path = ../User.h; sourceTree = "<group>"; };
		2957ABD51DEF1F9400B44554 /* User.m */ = {isa = PBXFileReference; fileEncoding = 4; lastKnownFileType = sourcecode.c.objc; name = User.m; path = ../User.m; sourceTree = "<group>"; };
		2966D8B61DF82F8300FA501C /* FindCertiViewController.h */ = {isa = PBXFileReference; fileEncoding = 4; lastKnownFileType = sourcecode.c.h; path = FindCertiViewController.h; sourceTree = "<group>"; };
		2966D8B71DF82F8400FA501C /* FindCertiViewController.m */ = {isa = PBXFileReference; fileEncoding = 4; lastKnownFileType = sourcecode.c.objc; path = FindCertiViewController.m; sourceTree = "<group>"; };
		2973BCC61DF1D7F400E157F8 /* UserList+CoreDataProperties.h */ = {isa = PBXFileReference; fileEncoding = 4; lastKnownFileType = sourcecode.c.h; path = "UserList+CoreDataProperties.h"; sourceTree = "<group>"; };
		2973BCC71DF1D7F400E157F8 /* UserList+CoreDataProperties.m */ = {isa = PBXFileReference; fileEncoding = 4; lastKnownFileType = sourcecode.c.objc; path = "UserList+CoreDataProperties.m"; sourceTree = "<group>"; };
		2973BCC81DF1D7F400E157F8 /* TrollToken+CoreDataProperties.h */ = {isa = PBXFileReference; fileEncoding = 4; lastKnownFileType = sourcecode.c.h; path = "TrollToken+CoreDataProperties.h"; sourceTree = "<group>"; };
		2973BCC91DF1D7F400E157F8 /* TrollToken+CoreDataProperties.m */ = {isa = PBXFileReference; fileEncoding = 4; lastKnownFileType = sourcecode.c.objc; path = "TrollToken+CoreDataProperties.m"; sourceTree = "<group>"; };
		2976B8361DEE183000119389 /* HseFinViewController.h */ = {isa = PBXFileReference; fileEncoding = 4; lastKnownFileType = sourcecode.c.h; name = HseFinViewController.h; path = ../HseFinViewController.h; sourceTree = "<group>"; };
		2976B8371DEE183000119389 /* HseFinViewController.m */ = {isa = PBXFileReference; fileEncoding = 4; lastKnownFileType = sourcecode.c.objc; name = HseFinViewController.m; path = ../HseFinViewController.m; sourceTree = "<group>"; };
		2976B8391DEE184A00119389 /* ProhseViewController.h */ = {isa = PBXFileReference; fileEncoding = 4; lastKnownFileType = sourcecode.c.h; path = ProhseViewController.h; sourceTree = "<group>"; };
		2976B83A1DEE184A00119389 /* ProhseViewController.m */ = {isa = PBXFileReference; fileEncoding = 4; lastKnownFileType = sourcecode.c.objc; path = ProhseViewController.m; sourceTree = "<group>"; };
		297CFB251DF74E52003076B2 /* FichaFinViewController.h */ = {isa = PBXFileReference; fileEncoding = 4; lastKnownFileType = sourcecode.c.h; path = FichaFinViewController.h; sourceTree = "<group>"; };
		297CFB261DF74E52003076B2 /* FichaFinViewController.m */ = {isa = PBXFileReference; fileEncoding = 4; lastKnownFileType = sourcecode.c.objc; path = FichaFinViewController.m; sourceTree = "<group>"; };
		297CFB281DF75140003076B2 /* FichaViewController.h */ = {isa = PBXFileReference; fileEncoding = 4; lastKnownFileType = sourcecode.c.h; path = FichaViewController.h; sourceTree = "<group>"; };
		297CFB291DF75140003076B2 /* FichaViewController.m */ = {isa = PBXFileReference; fileEncoding = 4; lastKnownFileType = sourcecode.c.objc; path = FichaViewController.m; sourceTree = "<group>"; };
		297CFB2B1DF75761003076B2 /* add.png */ = {isa = PBXFileReference; lastKnownFileType = image.png; path = add.png; sourceTree = "<group>"; };
		297CFB2D1DF757BC003076B2 /* EncuesViewController.h */ = {isa = PBXFileReference; fileEncoding = 4; lastKnownFileType = sourcecode.c.h; path = EncuesViewController.h; sourceTree = "<group>"; };
		297CFB2E1DF757BC003076B2 /* EncuesViewController.m */ = {isa = PBXFileReference; fileEncoding = 4; lastKnownFileType = sourcecode.c.objc; path = EncuesViewController.m; sourceTree = "<group>"; };
		297CFB301DF757E2003076B2 /* ContacViewController.h */ = {isa = PBXFileReference; fileEncoding = 4; lastKnownFileType = sourcecode.c.h; path = ContacViewController.h; sourceTree = "<group>"; };
		297CFB311DF757E2003076B2 /* ContacViewController.m */ = {isa = PBXFileReference; fileEncoding = 4; lastKnownFileType = sourcecode.c.objc; path = ContacViewController.m; sourceTree = "<group>"; };
		299444721E02D4DA00C500FD /* ViewControllerTab.h */ = {isa = PBXFileReference; fileEncoding = 4; lastKnownFileType = sourcecode.c.h; path = ViewControllerTab.h; sourceTree = "<group>"; };
		299444731E02D4DA00C500FD /* ViewControllerTab.m */ = {isa = PBXFileReference; fileEncoding = 4; lastKnownFileType = sourcecode.c.objc; path = ViewControllerTab.m; sourceTree = "<group>"; };
		29BAB89D1E041274006EE2F1 /* ResponseUsers.h */ = {isa = PBXFileReference; fileEncoding = 4; lastKnownFileType = sourcecode.c.h; path = ResponseUsers.h; sourceTree = "<group>"; };
		29BAB89E1E041274006EE2F1 /* ResponseUsers.m */ = {isa = PBXFileReference; fileEncoding = 4; lastKnownFileType = sourcecode.c.objc; path = ResponseUsers.m; sourceTree = "<group>"; };
		45C6A5087564E45A35CF557A /* Pods-Printum.debug.xcconfig */ = {isa = PBXFileReference; includeInIndex = 1; lastKnownFileType = text.xcconfig; name = "Pods-Printum.debug.xcconfig"; path = "Pods/Target Support Files/Pods-Printum/Pods-Printum.debug.xcconfig"; sourceTree = "<group>"; };
		99E4F8A7C8437ECD389BE387 /* libPods-Printum.a */ = {isa = PBXFileReference; explicitFileType = archive.ar; includeInIndex = 0; path = "libPods-Printum.a"; sourceTree = BUILT_PRODUCTS_DIR; };
		C3729F02CD2EFB010332C0FD /* Pods-PrintumTests.release.xcconfig */ = {isa = PBXFileReference; includeInIndex = 1; lastKnownFileType = text.xcconfig; name = "Pods-PrintumTests.release.xcconfig"; path = "Pods/Target Support Files/Pods-PrintumTests/Pods-PrintumTests.release.xcconfig"; sourceTree = "<group>"; };
		D55BFC0A06728B5B0101427C /* Pods-Printum.release.xcconfig */ = {isa = PBXFileReference; includeInIndex = 1; lastKnownFileType = text.xcconfig; name = "Pods-Printum.release.xcconfig"; path = "Pods/Target Support Files/Pods-Printum/Pods-Printum.release.xcconfig"; sourceTree = "<group>"; };
		FDC5591C2DA144B851F201EB /* libPods-PrintumTests.a */ = {isa = PBXFileReference; explicitFileType = archive.ar; includeInIndex = 0; path = "libPods-PrintumTests.a"; sourceTree = BUILT_PRODUCTS_DIR; };
/* End PBXFileReference section */

/* Begin PBXFrameworksBuildPhase section */
		2909D7491DED9D0000AE88CF /* Frameworks */ = {
			isa = PBXFrameworksBuildPhase;
			buildActionMask = 2147483647;
			files = (
				53171018A2749A3AAF271F47 /* libPods-Printum.a in Frameworks */,
			);
			runOnlyForDeploymentPostprocessing = 0;
		};
		2909D7651DED9D0100AE88CF /* Frameworks */ = {
			isa = PBXFrameworksBuildPhase;
			buildActionMask = 2147483647;
			files = (
				CBD5C54AD42ED21573CF7E70 /* libPods-PrintumTests.a in Frameworks */,
			);
			runOnlyForDeploymentPostprocessing = 0;
		};
		2909D7701DED9D0100AE88CF /* Frameworks */ = {
			isa = PBXFrameworksBuildPhase;
			buildActionMask = 2147483647;
			files = (
			);
			runOnlyForDeploymentPostprocessing = 0;
		};
/* End PBXFrameworksBuildPhase section */

/* Begin PBXGroup section */
		2909D7431DED9D0000AE88CF = {
			isa = PBXGroup;
			children = (
				2909D74E1DED9D0100AE88CF /* Printum */,
				2909D76B1DED9D0100AE88CF /* PrintumTests */,
				2909D7761DED9D0100AE88CF /* PrintumUITests */,
				2909D74D1DED9D0100AE88CF /* Products */,
				7C1320D6270BC9630FB29128 /* Pods */,
				678EE77E90C92E3AACE47B11 /* Frameworks */,
			);
			sourceTree = "<group>";
		};
		2909D74D1DED9D0100AE88CF /* Products */ = {
			isa = PBXGroup;
			children = (
				2909D74C1DED9D0100AE88CF /* Printum.app */,
				2909D7681DED9D0100AE88CF /* PrintumTests.xctest */,
				2909D7731DED9D0100AE88CF /* PrintumUITests.xctest */,
			);
			name = Products;
			sourceTree = "<group>";
		};
		2909D74E1DED9D0100AE88CF /* Printum */ = {
			isa = PBXGroup;
			children = (
				2973BCC61DF1D7F400E157F8 /* UserList+CoreDataProperties.h */,
				2973BCC71DF1D7F400E157F8 /* UserList+CoreDataProperties.m */,
				2973BCC81DF1D7F400E157F8 /* TrollToken+CoreDataProperties.h */,
				2973BCC91DF1D7F400E157F8 /* TrollToken+CoreDataProperties.m */,
				2909D7521DED9D0100AE88CF /* AppDelegate.h */,
				2909D7531DED9D0100AE88CF /* AppDelegate.m */,
				29BAB89D1E041274006EE2F1 /* ResponseUsers.h */,
				29BAB89E1E041274006EE2F1 /* ResponseUsers.m */,
				2909D7551DED9D0100AE88CF /* ViewController.h */,
				2909D7561DED9D0100AE88CF /* ViewController.m */,
				2976B8361DEE183000119389 /* HseFinViewController.h */,
				2976B8371DEE183000119389 /* HseFinViewController.m */,
				2976B8391DEE184A00119389 /* ProhseViewController.h */,
				2976B83A1DEE184A00119389 /* ProhseViewController.m */,
				2957ABCB1DEF1EB000B44554 /* RootViewController.h */,
				2957ABCC1DEF1EB000B44554 /* RootViewController.m */,
				2957ABCE1DEF1EE600B44554 /* LoginViewController.h */,
				2957ABCF1DEF1EE600B44554 /* LoginViewController.m */,
				2957ABD11DEF1F4700B44554 /* ProfileViewController.h */,
				2957ABD21DEF1F4700B44554 /* ProfileViewController.m */,
				2957ABD41DEF1F9400B44554 /* User.h */,
				2957ABD51DEF1F9400B44554 /* User.m */,
				29037B6C1DEE22FB0095E136 /* Main.storyboard */,
				2918BB041E0337E00013737A /* Users.h */,
				2918BB051E0337E00013737A /* Users.m */,
				297CFB251DF74E52003076B2 /* FichaFinViewController.h */,
				297CFB261DF74E52003076B2 /* FichaFinViewController.m */,
				297CFB281DF75140003076B2 /* FichaViewController.h */,
				297CFB291DF75140003076B2 /* FichaViewController.m */,
				297CFB2D1DF757BC003076B2 /* EncuesViewController.h */,
				297CFB2E1DF757BC003076B2 /* EncuesViewController.m */,
				297CFB301DF757E2003076B2 /* ContacViewController.h */,
				297CFB311DF757E2003076B2 /* ContacViewController.m */,
				2966D8B61DF82F8300FA501C /* FindCertiViewController.h */,
				2966D8B71DF82F8400FA501C /* FindCertiViewController.m */,
				299444721E02D4DA00C500FD /* ViewControllerTab.h */,
				299444731E02D4DA00C500FD /* ViewControllerTab.m */,
				2918BB011E0330880013737A /* RegisViewController.h */,
				2918BB021E0330880013737A /* RegisViewController.m */,
				2909D75E1DED9D0100AE88CF /* Assets.xcassets */,
				2909D7601DED9D0100AE88CF /* LaunchScreen.storyboard */,
				2909D7631DED9D0100AE88CF /* Info.plist */,
				2909D75B1DED9D0100AE88CF /* Printum.xcdatamodeld */,
				2909D74F1DED9D0100AE88CF /* Supporting Files */,
			);
			path = Printum;
			sourceTree = "<group>";
		};
		2909D74F1DED9D0100AE88CF /* Supporting Files */ = {
			isa = PBXGroup;
			children = (
				297CFB2B1DF75761003076B2 /* add.png */,
				2918729E1E03FDD200EF0BF3 /* image001.png */,
				29566DCF1E043F0F0080DCA2 /* Icon-App-20x20@1x.png */,
				29566DD01E043F0F0080DCA2 /* Icon-App-20x20@2x.png */,
				29566DD11E043F0F0080DCA2 /* Icon-App-20x20@3x.png */,
				29566DD21E043F0F0080DCA2 /* Icon-App-29x29@1x.png */,
				29566DD31E043F0F0080DCA2 /* Icon-App-29x29@2x.png */,
				29566DD41E043F0F0080DCA2 /* Icon-App-29x29@3x.png */,
				29566DD51E043F0F0080DCA2 /* Icon-App-40x40@1x.png */,
				29566DD61E043F0F0080DCA2 /* Icon-App-40x40@2x.png */,
				29566DD71E043F0F0080DCA2 /* Icon-App-40x40@3x.png */,
				29566DD81E043F0F0080DCA2 /* Icon-App-57x57@1x.png */,
				29566DD91E043F0F0080DCA2 /* Icon-App-57x57@2x.png */,
				29566DDA1E043F0F0080DCA2 /* Icon-App-60x60@1x.png */,
				29566DDB1E043F0F0080DCA2 /* Icon-App-60x60@2x.png */,
				29566DDC1E043F0F0080DCA2 /* Icon-App-60x60@3x.png */,
				29566DDD1E043F0F0080DCA2 /* Icon-App-72x72@1x.png */,
				29566DDE1E043F0F0080DCA2 /* Icon-App-72x72@2x.png */,
				29566DDF1E043F0F0080DCA2 /* Icon-App-76x76@1x.png */,
				29566DE01E043F0F0080DCA2 /* Icon-App-76x76@2x.png */,
				29566DE11E043F0F0080DCA2 /* Icon-App-76x76@3x.png */,
				29566DE21E043F0F0080DCA2 /* Icon-App-83.5x83.5@2x.png */,
				29566DE31E043F0F0080DCA2 /* Icon-Small-50x50@1x.png */,
				29566DE41E043F0F0080DCA2 /* Icon-Small-50x50@2x.png */,
				2900E2BF1DEF487400105299 /* News Filled-20.png */,
				2900E2BD1DEF47D600105299 /* Contacts Filled-20.png */,
				2909D7871DEDA12300AE88CF /* 2.jpg */,
				2909D7851DED9E0F00AE88CF /* kotanprintum10.png */,
				2909D7501DED9D0100AE88CF /* main.m */,
			);
			name = "Supporting Files";
			sourceTree = "<group>";
		};
		2909D76B1DED9D0100AE88CF /* PrintumTests */ = {
			isa = PBXGroup;
			children = (
				2909D76C1DED9D0100AE88CF /* PrintumTests.m */,
				2909D76E1DED9D0100AE88CF /* Info.plist */,
			);
			path = PrintumTests;
			sourceTree = "<group>";
		};
		2909D7761DED9D0100AE88CF /* PrintumUITests */ = {
			isa = PBXGroup;
			children = (
				2909D7771DED9D0100AE88CF /* PrintumUITests.m */,
				2909D7791DED9D0100AE88CF /* Info.plist */,
			);
			path = PrintumUITests;
			sourceTree = "<group>";
		};
		678EE77E90C92E3AACE47B11 /* Frameworks */ = {
			isa = PBXGroup;
			children = (
				99E4F8A7C8437ECD389BE387 /* libPods-Printum.a */,
				FDC5591C2DA144B851F201EB /* libPods-PrintumTests.a */,
			);
			name = Frameworks;
			sourceTree = "<group>";
		};
		7C1320D6270BC9630FB29128 /* Pods */ = {
			isa = PBXGroup;
			children = (
				45C6A5087564E45A35CF557A /* Pods-Printum.debug.xcconfig */,
				D55BFC0A06728B5B0101427C /* Pods-Printum.release.xcconfig */,
				029AA8F09C1984BE93842D92 /* Pods-PrintumTests.debug.xcconfig */,
				C3729F02CD2EFB010332C0FD /* Pods-PrintumTests.release.xcconfig */,
			);
			name = Pods;
			sourceTree = "<group>";
		};
/* End PBXGroup section */

/* Begin PBXNativeTarget section */
		2909D74B1DED9D0000AE88CF /* Printum */ = {
			isa = PBXNativeTarget;
			buildConfigurationList = 2909D77C1DED9D0100AE88CF /* Build configuration list for PBXNativeTarget "Printum" */;
			buildPhases = (
				501DBF8222F7294B628A6BDD /* [CP] Check Pods Manifest.lock */,
				2909D7481DED9D0000AE88CF /* Sources */,
				2909D7491DED9D0000AE88CF /* Frameworks */,
				2909D74A1DED9D0000AE88CF /* Resources */,
				606465E7C6FEDA172742B5CF /* [CP] Embed Pods Frameworks */,
				35FB8103A5250318C6F30411 /* [CP] Copy Pods Resources */,
			);
			buildRules = (
			);
			dependencies = (
			);
			name = Printum;
			productName = Printum;
			productReference = 2909D74C1DED9D0100AE88CF /* Printum.app */;
			productType = "com.apple.product-type.application";
		};
		2909D7671DED9D0100AE88CF /* PrintumTests */ = {
			isa = PBXNativeTarget;
			buildConfigurationList = 2909D77F1DED9D0100AE88CF /* Build configuration list for PBXNativeTarget "PrintumTests" */;
			buildPhases = (
				B02E5645D892DAEBDC251E2F /* [CP] Check Pods Manifest.lock */,
				2909D7641DED9D0100AE88CF /* Sources */,
				2909D7651DED9D0100AE88CF /* Frameworks */,
				2909D7661DED9D0100AE88CF /* Resources */,
				F78303A3318B8BE9D9F3B2D1 /* [CP] Embed Pods Frameworks */,
				7C0D6AA55BB29060E751BC00 /* [CP] Copy Pods Resources */,
			);
			buildRules = (
			);
			dependencies = (
				2909D76A1DED9D0100AE88CF /* PBXTargetDependency */,
			);
			name = PrintumTests;
			productName = PrintumTests;
			productReference = 2909D7681DED9D0100AE88CF /* PrintumTests.xctest */;
			productType = "com.apple.product-type.bundle.unit-test";
		};
		2909D7721DED9D0100AE88CF /* PrintumUITests */ = {
			isa = PBXNativeTarget;
			buildConfigurationList = 2909D7821DED9D0100AE88CF /* Build configuration list for PBXNativeTarget "PrintumUITests" */;
			buildPhases = (
				2909D76F1DED9D0100AE88CF /* Sources */,
				2909D7701DED9D0100AE88CF /* Frameworks */,
				2909D7711DED9D0100AE88CF /* Resources */,
			);
			buildRules = (
			);
			dependencies = (
				2909D7751DED9D0100AE88CF /* PBXTargetDependency */,
			);
			name = PrintumUITests;
			productName = PrintumUITests;
			productReference = 2909D7731DED9D0100AE88CF /* PrintumUITests.xctest */;
			productType = "com.apple.product-type.bundle.ui-testing";
		};
/* End PBXNativeTarget section */

/* Begin PBXProject section */
		2909D7441DED9D0000AE88CF /* Project object */ = {
			isa = PBXProject;
			attributes = {
				LastUpgradeCheck = 0810;
				ORGANIZATIONNAME = JoyDa;
				TargetAttributes = {
					2909D74B1DED9D0000AE88CF = {
						CreatedOnToolsVersion = 8.1;
						ProvisioningStyle = Automatic;
					};
					2909D7671DED9D0100AE88CF = {
						CreatedOnToolsVersion = 8.1;
						ProvisioningStyle = Automatic;
						TestTargetID = 2909D74B1DED9D0000AE88CF;
					};
					2909D7721DED9D0100AE88CF = {
						CreatedOnToolsVersion = 8.1;
						ProvisioningStyle = Automatic;
						TestTargetID = 2909D74B1DED9D0000AE88CF;
					};
				};
			};
			buildConfigurationList = 2909D7471DED9D0000AE88CF /* Build configuration list for PBXProject "Printum" */;
			compatibilityVersion = "Xcode 3.2";
			developmentRegion = English;
			hasScannedForEncodings = 0;
			knownRegions = (
				en,
				Base,
			);
			mainGroup = 2909D7431DED9D0000AE88CF;
			productRefGroup = 2909D74D1DED9D0100AE88CF /* Products */;
			projectDirPath = "";
			projectRoot = "";
			targets = (
				2909D74B1DED9D0000AE88CF /* Printum */,
				2909D7671DED9D0100AE88CF /* PrintumTests */,
				2909D7721DED9D0100AE88CF /* PrintumUITests */,
			);
		};
/* End PBXProject section */

/* Begin PBXResourcesBuildPhase section */
		2909D74A1DED9D0000AE88CF /* Resources */ = {
			isa = PBXResourcesBuildPhase;
			buildActionMask = 2147483647;
			files = (
				2918729F1E03FDD200EF0BF3 /* image001.png in Resources */,
				2909D7621DED9D0100AE88CF /* LaunchScreen.storyboard in Resources */,
				29566DEF1E043F0F0080DCA2 /* Icon-App-57x57@2x.png in Resources */,
				2900E2C01DEF487400105299 /* News Filled-20.png in Resources */,
				29566DE51E043F0F0080DCA2 /* Icon-App-20x20@1x.png in Resources */,
				29566DE81E043F0F0080DCA2 /* Icon-App-29x29@1x.png in Resources */,
				29566DF11E043F0F0080DCA2 /* Icon-App-60x60@2x.png in Resources */,
				29566DF51E043F0F0080DCA2 /* Icon-App-76x76@1x.png in Resources */,
				29566DF31E043F0F0080DCA2 /* Icon-App-72x72@1x.png in Resources */,
				29566DF91E043F0F0080DCA2 /* Icon-Small-50x50@1x.png in Resources */,
				29566DF81E043F0F0080DCA2 /* Icon-App-83.5x83.5@2x.png in Resources */,
				29566DEB1E043F0F0080DCA2 /* Icon-App-40x40@1x.png in Resources */,
				29566DEA1E043F0F0080DCA2 /* Icon-App-29x29@3x.png in Resources */,
				29566DF61E043F0F0080DCA2 /* Icon-App-76x76@2x.png in Resources */,
				29037B6D1DEE22FB0095E136 /* Main.storyboard in Resources */,
				29566DF01E043F0F0080DCA2 /* Icon-App-60x60@1x.png in Resources */,
				297CFB2C1DF75761003076B2 /* add.png in Resources */,
				29566DEC1E043F0F0080DCA2 /* Icon-App-40x40@2x.png in Resources */,
				2909D75F1DED9D0100AE88CF /* Assets.xcassets in Resources */,
				29566DE91E043F0F0080DCA2 /* Icon-App-29x29@2x.png in Resources */,
				2909D7881DEDA12300AE88CF /* 2.jpg in Resources */,
				29566DEE1E043F0F0080DCA2 /* Icon-App-57x57@1x.png in Resources */,
				29566DE61E043F0F0080DCA2 /* Icon-App-20x20@2x.png in Resources */,
				2909D7861DED9E0F00AE88CF /* kotanprintum10.png in Resources */,
				29566DED1E043F0F0080DCA2 /* Icon-App-40x40@3x.png in Resources */,
				2900E2BE1DEF47D600105299 /* Contacts Filled-20.png in Resources */,
				29566DF41E043F0F0080DCA2 /* Icon-App-72x72@2x.png in Resources */,
				29566DF71E043F0F0080DCA2 /* Icon-App-76x76@3x.png in Resources */,
				29566DFA1E043F0F0080DCA2 /* Icon-Small-50x50@2x.png in Resources */,
				29566DF21E043F0F0080DCA2 /* Icon-App-60x60@3x.png in Resources */,
				29566DE71E043F0F0080DCA2 /* Icon-App-20x20@3x.png in Resources */,
			);
			runOnlyForDeploymentPostprocessing = 0;
		};
		2909D7661DED9D0100AE88CF /* Resources */ = {
			isa = PBXResourcesBuildPhase;
			buildActionMask = 2147483647;
			files = (
			);
			runOnlyForDeploymentPostprocessing = 0;
		};
		2909D7711DED9D0100AE88CF /* Resources */ = {
			isa = PBXResourcesBuildPhase;
			buildActionMask = 2147483647;
			files = (
			);
			runOnlyForDeploymentPostprocessing = 0;
		};
/* End PBXResourcesBuildPhase section */

/* Begin PBXShellScriptBuildPhase section */
		35FB8103A5250318C6F30411 /* [CP] Copy Pods Resources */ = {
			isa = PBXShellScriptBuildPhase;
			buildActionMask = 2147483647;
			files = (
			);
			inputPaths = (
			);
			name = "[CP] Copy Pods Resources";
			outputPaths = (
			);
			runOnlyForDeploymentPostprocessing = 0;
			shellPath = /bin/sh;
			shellScript = "\"${SRCROOT}/Pods/Target Support Files/Pods-Printum/Pods-Printum-resources.sh\"\n";
			showEnvVarsInLog = 0;
		};
		501DBF8222F7294B628A6BDD /* [CP] Check Pods Manifest.lock */ = {
			isa = PBXShellScriptBuildPhase;
			buildActionMask = 2147483647;
			files = (
			);
			inputPaths = (
			);
			name = "[CP] Check Pods Manifest.lock";
			outputPaths = (
			);
			runOnlyForDeploymentPostprocessing = 0;
			shellPath = /bin/sh;
			shellScript = "diff \"${PODS_ROOT}/../Podfile.lock\" \"${PODS_ROOT}/Manifest.lock\" > /dev/null\nif [ $? != 0 ] ; then\n    # print error to STDERR\n    echo \"error: The sandbox is not in sync with the Podfile.lock. Run 'pod install' or update your CocoaPods installation.\" >&2\n    exit 1\nfi\n";
			showEnvVarsInLog = 0;
		};
		606465E7C6FEDA172742B5CF /* [CP] Embed Pods Frameworks */ = {
			isa = PBXShellScriptBuildPhase;
			buildActionMask = 2147483647;
			files = (
			);
			inputPaths = (
			);
			name = "[CP] Embed Pods Frameworks";
			outputPaths = (
			);
			runOnlyForDeploymentPostprocessing = 0;
			shellPath = /bin/sh;
			shellScript = "\"${SRCROOT}/Pods/Target Support Files/Pods-Printum/Pods-Printum-frameworks.sh\"\n";
			showEnvVarsInLog = 0;
		};
		7C0D6AA55BB29060E751BC00 /* [CP] Copy Pods Resources */ = {
			isa = PBXShellScriptBuildPhase;
			buildActionMask = 2147483647;
			files = (
			);
			inputPaths = (
			);
			name = "[CP] Copy Pods Resources";
			outputPaths = (
			);
			runOnlyForDeploymentPostprocessing = 0;
			shellPath = /bin/sh;
			shellScript = "\"${SRCROOT}/Pods/Target Support Files/Pods-PrintumTests/Pods-PrintumTests-resources.sh\"\n";
			showEnvVarsInLog = 0;
		};
		B02E5645D892DAEBDC251E2F /* [CP] Check Pods Manifest.lock */ = {
			isa = PBXShellScriptBuildPhase;
			buildActionMask = 2147483647;
			files = (
			);
			inputPaths = (
			);
			name = "[CP] Check Pods Manifest.lock";
			outputPaths = (
			);
			runOnlyForDeploymentPostprocessing = 0;
			shellPath = /bin/sh;
			shellScript = "diff \"${PODS_ROOT}/../Podfile.lock\" \"${PODS_ROOT}/Manifest.lock\" > /dev/null\nif [ $? != 0 ] ; then\n    # print error to STDERR\n    echo \"error: The sandbox is not in sync with the Podfile.lock. Run 'pod install' or update your CocoaPods installation.\" >&2\n    exit 1\nfi\n";
			showEnvVarsInLog = 0;
		};
		F78303A3318B8BE9D9F3B2D1 /* [CP] Embed Pods Frameworks */ = {
			isa = PBXShellScriptBuildPhase;
			buildActionMask = 2147483647;
			files = (
			);
			inputPaths = (
			);
			name = "[CP] Embed Pods Frameworks";
			outputPaths = (
			);
			runOnlyForDeploymentPostprocessing = 0;
			shellPath = /bin/sh;
			shellScript = "\"${SRCROOT}/Pods/Target Support Files/Pods-PrintumTests/Pods-PrintumTests-frameworks.sh\"\n";
			showEnvVarsInLog = 0;
		};
/* End PBXShellScriptBuildPhase section */

/* Begin PBXSourcesBuildPhase section */
		2909D7481DED9D0000AE88CF /* Sources */ = {
			isa = PBXSourcesBuildPhase;
			buildActionMask = 2147483647;
			files = (
				299444741E02D4DA00C500FD /* ViewControllerTab.m in Sources */,
				297CFB2F1DF757BC003076B2 /* EncuesViewController.m in Sources */,
				2957ABD61DEF1F9400B44554 /* User.m in Sources */,
				29BAB89F1E041274006EE2F1 /* ResponseUsers.m in Sources */,
				2957ABD01DEF1EE600B44554 /* LoginViewController.m in Sources */,
				2957ABD31DEF1F4700B44554 /* ProfileViewController.m in Sources */,
				2909D7571DED9D0100AE88CF /* ViewController.m in Sources */,
				2973BCCA1DF1D7F400E157F8 /* UserList+CoreDataProperties.m in Sources */,
				2957ABCD1DEF1EB000B44554 /* RootViewController.m in Sources */,
				297CFB2A1DF75140003076B2 /* FichaViewController.m in Sources */,
				297CFB321DF757E2003076B2 /* ContacViewController.m in Sources */,
				297CFB271DF74E52003076B2 /* FichaFinViewController.m in Sources */,
				2909D7541DED9D0100AE88CF /* AppDelegate.m in Sources */,
				2973BCCB1DF1D7F400E157F8 /* TrollToken+CoreDataProperties.m in Sources */,
				2976B8381DEE183000119389 /* HseFinViewController.m in Sources */,
				2976B83B1DEE184A00119389 /* ProhseViewController.m in Sources */,
				2918BB031E0330880013737A /* RegisViewController.m in Sources */,
				2918BB061E0337E00013737A /* Users.m in Sources */,
				2966D8B81DF82F8400FA501C /* FindCertiViewController.m in Sources */,
				2909D7511DED9D0100AE88CF /* main.m in Sources */,
				2909D75D1DED9D0100AE88CF /* Printum.xcdatamodeld in Sources */,
			);
			runOnlyForDeploymentPostprocessing = 0;
		};
		2909D7641DED9D0100AE88CF /* Sources */ = {
			isa = PBXSourcesBuildPhase;
			buildActionMask = 2147483647;
			files = (
				2909D76D1DED9D0100AE88CF /* PrintumTests.m in Sources */,
			);
			runOnlyForDeploymentPostprocessing = 0;
		};
		2909D76F1DED9D0100AE88CF /* Sources */ = {
			isa = PBXSourcesBuildPhase;
			buildActionMask = 2147483647;
			files = (
				2909D7781DED9D0100AE88CF /* PrintumUITests.m in Sources */,
			);
			runOnlyForDeploymentPostprocessing = 0;
		};
/* End PBXSourcesBuildPhase section */

/* Begin PBXTargetDependency section */
		2909D76A1DED9D0100AE88CF /* PBXTargetDependency */ = {
			isa = PBXTargetDependency;
			target = 2909D74B1DED9D0000AE88CF /* Printum */;
			targetProxy = 2909D7691DED9D0100AE88CF /* PBXContainerItemProxy */;
		};
		2909D7751DED9D0100AE88CF /* PBXTargetDependency */ = {
			isa = PBXTargetDependency;
			target = 2909D74B1DED9D0000AE88CF /* Printum */;
			targetProxy = 2909D7741DED9D0100AE88CF /* PBXContainerItemProxy */;
		};
/* End PBXTargetDependency section */

/* Begin PBXVariantGroup section */
		2909D7601DED9D0100AE88CF /* LaunchScreen.storyboard */ = {
			isa = PBXVariantGroup;
			children = (
				2909D7611DED9D0100AE88CF /* Base */,
			);
			name = LaunchScreen.storyboard;
			sourceTree = "<group>";
		};
/* End PBXVariantGroup section */

/* Begin XCBuildConfiguration section */
		2909D77A1DED9D0100AE88CF /* Debug */ = {
			isa = XCBuildConfiguration;
			buildSettings = {
				ALWAYS_SEARCH_USER_PATHS = NO;
				CLANG_ANALYZER_NONNULL = YES;
				CLANG_CXX_LANGUAGE_STANDARD = "gnu++0x";
				CLANG_CXX_LIBRARY = "libc++";
				CLANG_ENABLE_MODULES = YES;
				CLANG_ENABLE_OBJC_ARC = YES;
				CLANG_WARN_BOOL_CONVERSION = YES;
				CLANG_WARN_CONSTANT_CONVERSION = YES;
				CLANG_WARN_DIRECT_OBJC_ISA_USAGE = YES_ERROR;
				CLANG_WARN_DOCUMENTATION_COMMENTS = YES;
				CLANG_WARN_EMPTY_BODY = YES;
				CLANG_WARN_ENUM_CONVERSION = YES;
				CLANG_WARN_INFINITE_RECURSION = YES;
				CLANG_WARN_INT_CONVERSION = YES;
				CLANG_WARN_OBJC_ROOT_CLASS = YES_ERROR;
				CLANG_WARN_SUSPICIOUS_MOVE = YES;
				CLANG_WARN_SUSPICIOUS_MOVES = YES;
				CLANG_WARN_UNREACHABLE_CODE = YES;
				CLANG_WARN__DUPLICATE_METHOD_MATCH = YES;
				"CODE_SIGN_IDENTITY[sdk=iphoneos*]" = "iPhone Developer";
				COPY_PHASE_STRIP = NO;
				DEBUG_INFORMATION_FORMAT = dwarf;
				ENABLE_STRICT_OBJC_MSGSEND = YES;
				ENABLE_TESTABILITY = YES;
				GCC_C_LANGUAGE_STANDARD = gnu99;
				GCC_DYNAMIC_NO_PIC = NO;
				GCC_NO_COMMON_BLOCKS = YES;
				GCC_OPTIMIZATION_LEVEL = 0;
				GCC_PREPROCESSOR_DEFINITIONS = (
					"DEBUG=1",
					"$(inherited)",
				);
				GCC_WARN_64_TO_32_BIT_CONVERSION = YES;
				GCC_WARN_ABOUT_RETURN_TYPE = YES_ERROR;
				GCC_WARN_UNDECLARED_SELECTOR = YES;
				GCC_WARN_UNINITIALIZED_AUTOS = YES_AGGRESSIVE;
				GCC_WARN_UNUSED_FUNCTION = YES;
				GCC_WARN_UNUSED_VARIABLE = YES;
				HEADER_SEARCH_PATHS = (
					"${PODS_ROOT}/Headers/Public/AFNetworking\n${PODS_ROOT}/Headers/Public/Bolts\n${PODS_ROOT}/Headers/Public/ISO8601DateFormatterValueTransformer\n${PODS_ROOT}/Headers/Public/RKValueTransformers\n${PODS_ROOT}/Headers/Public/RestKit",
					"\n${PODS_ROOT}/Headers/Public/SOCKit\n${PODS_ROOT}/Headers/Public",
					"${PODS_ROOT}/Headers/Public/Bolts",
					"${PODS_ROOT}/Headers/Public/ISO8601DateFormatterValueTransformer",
					"${PODS_ROOT}/Headers/Public/RKValueTransformers",
					"${PODS_ROOT}/Headers/Public/RestKit",
					"${PODS_ROOT}/Headers/Public/SOCKit",
					"${PODS_ROOT}/Headers/Public",
				);
				IPHONEOS_DEPLOYMENT_TARGET = 10.1;
				MTL_ENABLE_DEBUG_INFO = YES;
				ONLY_ACTIVE_ARCH = YES;
				SDKROOT = iphoneos;
				TARGETED_DEVICE_FAMILY = "1,2";
			};
			name = Debug;
		};
		2909D77B1DED9D0100AE88CF /* Release */ = {
			isa = XCBuildConfiguration;
			buildSettings = {
				ALWAYS_SEARCH_USER_PATHS = NO;
				CLANG_ANALYZER_NONNULL = YES;
				CLANG_CXX_LANGUAGE_STANDARD = "gnu++0x";
				CLANG_CXX_LIBRARY = "libc++";
				CLANG_ENABLE_MODULES = YES;
				CLANG_ENABLE_OBJC_ARC = YES;
				CLANG_WARN_BOOL_CONVERSION = YES;
				CLANG_WARN_CONSTANT_CONVERSION = YES;
				CLANG_WARN_DIRECT_OBJC_ISA_USAGE = YES_ERROR;
				CLANG_WARN_DOCUMENTATION_COMMENTS = YES;
				CLANG_WARN_EMPTY_BODY = YES;
				CLANG_WARN_ENUM_CONVERSION = YES;
				CLANG_WARN_INFINITE_RECURSION = YES;
				CLANG_WARN_INT_CONVERSION = YES;
				CLANG_WARN_OBJC_ROOT_CLASS = YES_ERROR;
				CLANG_WARN_SUSPICIOUS_MOVE = YES;
				CLANG_WARN_SUSPICIOUS_MOVES = YES;
				CLANG_WARN_UNREACHABLE_CODE = YES;
				CLANG_WARN__DUPLICATE_METHOD_MATCH = YES;
				"CODE_SIGN_IDENTITY[sdk=iphoneos*]" = "iPhone Developer";
				COPY_PHASE_STRIP = NO;
				DEBUG_INFORMATION_FORMAT = "dwarf-with-dsym";
				ENABLE_NS_ASSERTIONS = NO;
				ENABLE_STRICT_OBJC_MSGSEND = YES;
				GCC_C_LANGUAGE_STANDARD = gnu99;
				GCC_NO_COMMON_BLOCKS = YES;
				GCC_WARN_64_TO_32_BIT_CONVERSION = YES;
				GCC_WARN_ABOUT_RETURN_TYPE = YES_ERROR;
				GCC_WARN_UNDECLARED_SELECTOR = YES;
				GCC_WARN_UNINITIALIZED_AUTOS = YES_AGGRESSIVE;
				GCC_WARN_UNUSED_FUNCTION = YES;
				GCC_WARN_UNUSED_VARIABLE = YES;
				HEADER_SEARCH_PATHS = (
					"${PODS_ROOT}/Headers/Public/AFNetworking\n${PODS_ROOT}/Headers/Public/Bolts\n${PODS_ROOT}/Headers/Public/ISO8601DateFormatterValueTransformer\n${PODS_ROOT}/Headers/Public/RKValueTransformers\n${PODS_ROOT}/Headers/Public/RestKit",
					"\n${PODS_ROOT}/Headers/Public/SOCKit\n${PODS_ROOT}/Headers/Public",
					"${PODS_ROOT}/Headers/Public/Bolts",
					"${PODS_ROOT}/Headers/Public/ISO8601DateFormatterValueTransformer",
					"${PODS_ROOT}/Headers/Public/RKValueTransformers",
					"${PODS_ROOT}/Headers/Public/RestKit",
					"${PODS_ROOT}/Headers/Public/SOCKit",
					"${PODS_ROOT}/Headers/Public",
				);
				IPHONEOS_DEPLOYMENT_TARGET = 10.1;
				MTL_ENABLE_DEBUG_INFO = NO;
				SDKROOT = iphoneos;
				TARGETED_DEVICE_FAMILY = "1,2";
				VALIDATE_PRODUCT = YES;
			};
			name = Release;
		};
		2909D77D1DED9D0100AE88CF /* Debug */ = {
			isa = XCBuildConfiguration;
			baseConfigurationReference = 45C6A5087564E45A35CF557A /* Pods-Printum.debug.xcconfig */;
			buildSettings = {
				ASSETCATALOG_COMPILER_APPICON_NAME = AppIcon;
				INFOPLIST_FILE = Printum/Info.plist;
				LD_RUNPATH_SEARCH_PATHS = "$(inherited) @executable_path/Frameworks";
				PRODUCT_BUNDLE_IDENTIFIER = joyda.Printum;
				PRODUCT_NAME = "$(TARGET_NAME)";
				USER_HEADER_SEARCH_PATHS = "${PROJECT_DIR}/Pods/**";
			};
			name = Debug;
		};
		2909D77E1DED9D0100AE88CF /* Release */ = {
			isa = XCBuildConfiguration;
			baseConfigurationReference = D55BFC0A06728B5B0101427C /* Pods-Printum.release.xcconfig */;
			buildSettings = {
				ASSETCATALOG_COMPILER_APPICON_NAME = AppIcon;
				INFOPLIST_FILE = Printum/Info.plist;
				LD_RUNPATH_SEARCH_PATHS = "$(inherited) @executable_path/Frameworks";
				PRODUCT_BUNDLE_IDENTIFIER = joyda.Printum;
				PRODUCT_NAME = "$(TARGET_NAME)";
				USER_HEADER_SEARCH_PATHS = "${PROJECT_DIR}/Pods/**";
			};
			name = Release;
		};
		2909D7801DED9D0100AE88CF /* Debug */ = {
			isa = XCBuildConfiguration;
			baseConfigurationReference = 029AA8F09C1984BE93842D92 /* Pods-PrintumTests.debug.xcconfig */;
			buildSettings = {
				BUNDLE_LOADER = "$(TEST_HOST)";
				INFOPLIST_FILE = PrintumTests/Info.plist;
				LD_RUNPATH_SEARCH_PATHS = "$(inherited) @executable_path/Frameworks @loader_path/Frameworks";
				PRODUCT_BUNDLE_IDENTIFIER = joyda.PrintumTests;
				PRODUCT_NAME = "$(TARGET_NAME)";
				TEST_HOST = "$(BUILT_PRODUCTS_DIR)/Printum.app/Printum";
			};
			name = Debug;
		};
		2909D7811DED9D0100AE88CF /* Release */ = {
			isa = XCBuildConfiguration;
			baseConfigurationReference = C3729F02CD2EFB010332C0FD /* Pods-PrintumTests.release.xcconfig */;
			buildSettings = {
				BUNDLE_LOADER = "$(TEST_HOST)";
				INFOPLIST_FILE = PrintumTests/Info.plist;
				LD_RUNPATH_SEARCH_PATHS = "$(inherited) @executable_path/Frameworks @loader_path/Frameworks";
				PRODUCT_BUNDLE_IDENTIFIER = joyda.PrintumTests;
				PRODUCT_NAME = "$(TARGET_NAME)";
				TEST_HOST = "$(BUILT_PRODUCTS_DIR)/Printum.app/Printum";
			};
			name = Release;
		};
		2909D7831DED9D0100AE88CF /* Debug */ = {
			isa = XCBuildConfiguration;
			buildSettings = {
				INFOPLIST_FILE = PrintumUITests/Info.plist;
				LD_RUNPATH_SEARCH_PATHS = "$(inherited) @executable_path/Frameworks @loader_path/Frameworks";
				PRODUCT_BUNDLE_IDENTIFIER = joyda.PrintumUITests;
				PRODUCT_NAME = "$(TARGET_NAME)";
				TEST_TARGET_NAME = Printum;
			};
			name = Debug;
		};
		2909D7841DED9D0100AE88CF /* Release */ = {
			isa = XCBuildConfiguration;
			buildSettings = {
				INFOPLIST_FILE = PrintumUITests/Info.plist;
				LD_RUNPATH_SEARCH_PATHS = "$(inherited) @executable_path/Frameworks @loader_path/Frameworks";
				PRODUCT_BUNDLE_IDENTIFIER = joyda.PrintumUITests;
				PRODUCT_NAME = "$(TARGET_NAME)";
				TEST_TARGET_NAME = Printum;
			};
			name = Release;
		};
/* End XCBuildConfiguration section */

/* Begin XCConfigurationList section */
		2909D7471DED9D0000AE88CF /* Build configuration list for PBXProject "Printum" */ = {
			isa = XCConfigurationList;
			buildConfigurations = (
				2909D77A1DED9D0100AE88CF /* Debug */,
				2909D77B1DED9D0100AE88CF /* Release */,
			);
			defaultConfigurationIsVisible = 0;
			defaultConfigurationName = Release;
		};
		2909D77C1DED9D0100AE88CF /* Build configuration list for PBXNativeTarget "Printum" */ = {
			isa = XCConfigurationList;
			buildConfigurations = (
				2909D77D1DED9D0100AE88CF /* Debug */,
				2909D77E1DED9D0100AE88CF /* Release */,
			);
			defaultConfigurationIsVisible = 0;
			defaultConfigurationName = Release;
		};
		2909D77F1DED9D0100AE88CF /* Build configuration list for PBXNativeTarget "PrintumTests" */ = {
			isa = XCConfigurationList;
			buildConfigurations = (
				2909D7801DED9D0100AE88CF /* Debug */,
				2909D7811DED9D0100AE88CF /* Release */,
			);
			defaultConfigurationIsVisible = 0;
			defaultConfigurationName = Release;
		};
		2909D7821DED9D0100AE88CF /* Build configuration list for PBXNativeTarget "PrintumUITests" */ = {
			isa = XCConfigurationList;
			buildConfigurations = (
				2909D7831DED9D0100AE88CF /* Debug */,
				2909D7841DED9D0100AE88CF /* Release */,
			);
			defaultConfigurationIsVisible = 0;
			defaultConfigurationName = Release;
		};
/* End XCConfigurationList section */

/* Begin XCVersionGroup section */
		2909D75B1DED9D0100AE88CF /* Printum.xcdatamodeld */ = {
			isa = XCVersionGroup;
			children = (
				2909D75C1DED9D0100AE88CF /* Printum.xcdatamodel */,
			);
			currentVersion = 2909D75C1DED9D0100AE88CF /* Printum.xcdatamodel */;
			path = Printum.xcdatamodeld;
			sourceTree = "<group>";
			versionGroupType = wrapper.xcdatamodel;
		};
/* End XCVersionGroup section */
	};
	rootObject = 2909D7441DED9D0000AE88CF /* Project object */;
}
